Microsoft Visual Studio Solution File, Format Version 12.00
# Visual Studio 2012
Project("{FAE04EC0-301F-11D3-BF4B-00C04F79EFBC}") = "Learning Game", "Learning Game.csproj", "{528B6C08-8CAC-46F5-9AFA-F9CB2239028F}"
EndProject
Global
	GlobalSection(SolutionConfigurationPlatforms) = preSolution
	Debug|Any CPU = Debug|Any CPU
	ExportDebug|Any CPU = ExportDebug|Any CPU
	ExportRelease|Any CPU = ExportRelease|Any CPU
	EndGlobalSection
	GlobalSection(ProjectConfigurationPlatforms) = postSolution
		{528B6C08-8CAC-46F5-9AFA-F9CB2239028F}.Debug|Any CPU.ActiveCfg = Debug|Any CPU
		{528B6C08-8CAC-46F5-9AFA-F9CB2239028F}.Debug|Any CPU.Build.0 = Debug|Any CPU
		{528B6C08-8CAC-46F5-9AFA-F9CB2239028F}.ExportDebug|Any CPU.ActiveCfg = ExportDebug|Any CPU
		{528B6C08-8CAC-46F5-9AFA-F9CB2239028F}.ExportDebug|Any CPU.Build.0 = ExportDebug|Any CPU
		{528B6C08-8CAC-46F5-9AFA-F9CB2239028F}.ExportRelease|Any CPU.ActiveCfg = ExportRelease|Any CPU
		{528B6C08-8CAC-46F5-9AFA-F9CB2239028F}.ExportRelease|Any CPU.Build.0 = ExportRelease|Any CPU
	EndGlobalSection
EndGlobal
